
Microsoft Visual Studio Solution File, Format Version 12.00
# Visual Studio 15
VisualStudioVersion = 15.0.27004.2010
MinimumVisualStudioVersion = 10.0.40219.1
Project("{F184B08F-C81C-45F6-A57F-5ABD9991F28F}") = "COLL_MARTEDI_ULTIMO", "COLL_MARTEDI_ULTIMO\COLL_MARTEDI_ULTIMO.vbproj", "{D6C8D02A-5EE4-4BD4-BF84-0A7B0F329D68}"
EndProject
Global
	GlobalSection(SolutionConfigurationPlatforms) = preSolution
		Debug|Any CPU = Debug|Any CPU
		Release|Any CPU = Release|Any CPU
	EndGlobalSection
	GlobalSection(ProjectConfigurationPlatforms) = postSolution
		{D6C8D02A-5EE4-4BD4-BF84-0A7B0F329D68}.Debug|Any CPU.ActiveCfg = Debug|Any CPU
		{D6C8D02A-5EE4-4BD4-BF84-0A7B0F329D68}.Debug|Any CPU.Build.0 = Debug|Any CPU
		{D6C8D02A-5EE4-4BD4-BF84-0A7B0F329D68}.Release|Any CPU.ActiveCfg = Release|Any CPU
		{D6C8D02A-5EE4-4BD4-BF84-0A7B0F329D68}.Release|Any CPU.Build.0 = Release|Any CPU
	EndGlobalSection
	GlobalSection(SolutionProperties) = preSolution
		HideSolutionNode = FALSE
	EndGlobalSection
	GlobalSection(ExtensibilityGlobals) = postSolution
		SolutionGuid = {F5CC1CBF-E2DB-4371-BF17-59D636081B5F}
	EndGlobalSection
EndGlobal
