
Microsoft Visual Studio Solution File, Format Version 12.00
# Visual Studio 15
VisualStudioVersion = 15.0.27004.2010
MinimumVisualStudioVersion = 10.0.40219.1
Project("{F184B08F-C81C-45F6-A57F-5ABD9991F28F}") = "form_git_hub_1", "form_git_hub_1\form_git_hub_1.vbproj", "{549394EC-9F80-4DA5-AFFE-341005846E24}"
EndProject
Global
	GlobalSection(SolutionConfigurationPlatforms) = preSolution
		Debug|Any CPU = Debug|Any CPU
		Release|Any CPU = Release|Any CPU
	EndGlobalSection
	GlobalSection(ProjectConfigurationPlatforms) = postSolution
		{549394EC-9F80-4DA5-AFFE-341005846E24}.Debug|Any CPU.ActiveCfg = Debug|Any CPU
		{549394EC-9F80-4DA5-AFFE-341005846E24}.Debug|Any CPU.Build.0 = Debug|Any CPU
		{549394EC-9F80-4DA5-AFFE-341005846E24}.Release|Any CPU.ActiveCfg = Release|Any CPU
		{549394EC-9F80-4DA5-AFFE-341005846E24}.Release|Any CPU.Build.0 = Release|Any CPU
	EndGlobalSection
	GlobalSection(SolutionProperties) = preSolution
		HideSolutionNode = FALSE
	EndGlobalSection
	GlobalSection(ExtensibilityGlobals) = postSolution
		SolutionGuid = {B23168AF-0CD1-4541-B26F-25567B8A631E}
	EndGlobalSection
EndGlobal
