
Microsoft Visual Studio Solution File, Format Version 12.00
# Visual Studio 15
VisualStudioVersion = 15.0.27004.2009
MinimumVisualStudioVersion = 10.0.40219.1
Project("{F184B08F-C81C-45F6-A57F-5ABD9991F28F}") = "WindowsApp14", "WindowsApp14\WindowsApp14.vbproj", "{98C26549-2890-4365-884A-5A0C1BC763B8}"
EndProject
Global
	GlobalSection(SolutionConfigurationPlatforms) = preSolution
		Debug|Any CPU = Debug|Any CPU
		Release|Any CPU = Release|Any CPU
	EndGlobalSection
	GlobalSection(ProjectConfigurationPlatforms) = postSolution
		{98C26549-2890-4365-884A-5A0C1BC763B8}.Debug|Any CPU.ActiveCfg = Debug|Any CPU
		{98C26549-2890-4365-884A-5A0C1BC763B8}.Debug|Any CPU.Build.0 = Debug|Any CPU
		{98C26549-2890-4365-884A-5A0C1BC763B8}.Release|Any CPU.ActiveCfg = Release|Any CPU
		{98C26549-2890-4365-884A-5A0C1BC763B8}.Release|Any CPU.Build.0 = Release|Any CPU
	EndGlobalSection
	GlobalSection(SolutionProperties) = preSolution
		HideSolutionNode = FALSE
	EndGlobalSection
	GlobalSection(ExtensibilityGlobals) = postSolution
		SolutionGuid = {DCE59AC1-999C-41DE-B399-200AB0E9A204}
	EndGlobalSection
EndGlobal
